PODS:
  - boost (1.76.0)
  - Braintree (4.38.0):
    - Braintree/Card (= 4.38.0)
    - Braintree/Core (= 4.38.0)
    - Braintree/PayPal (= 4.38.0)
    - Braintree/UI (= 4.38.0)
  - Braintree/Card (4.38.0):
    - Braintree/Core
  - Braintree/Core (4.38.0)
  - Braintree/DataCollector (4.38.0):
    - Braintree/Core
  - Braintree/PayPal (4.38.0):
    - Braintree/Core
    - Braintree/PayPalOneTouch
  - Braintree/PayPalDataCollector (4.38.0):
    - Braintree/Core
    - Braintree/PayPalUtils
  - Braintree/PayPalOneTouch (4.38.0):
    - Braintree/Core
    - Braintree/PayPalDataCollector
    - Braintree/PayPalUtils
  - Braintree/PayPalUtils (4.38.0)
  - Braintree/UI (4.38.0):
    - Braintree/Card
    - Braintree/Core
  - DoubleConversion (1.1.6)
  - EXApplication (4.0.2):
    - ExpoModulesCore
  - EXAV (10.1.3):
    - ExpoModulesCore
  - EXBlur (10.0.3):
    - ExpoModulesCore
  - EXCamera (12.0.3):
    - ExpoModulesCore
  - EXConstants (12.1.3):
    - ExpoModulesCore
  - EXDocumentPicker (10.0.3):
    - ExpoModulesCore
  - EXErrorRecovery (3.0.5):
    - ExpoModulesCore
  - EXFileSystem (13.0.3):
    - ExpoModulesCore
  - EXFont (10.0.5):
    - ExpoModulesCore
  - EXImagePicker (11.0.3):
    - ExpoModulesCore
  - EXKeepAwake (10.0.2):
    - ExpoModulesCore
  - EXLocalization (11.0.0):
    - ExpoModulesCore
  - EXLocation (13.0.4):
    - ExpoModulesCore
    - UMTaskManagerInterface
  - Expo (43.0.4):
    - ExpoModulesCore
  - ExpoModulesCore (0.4.10):
    - React-Core
  - FBLazyVector (0.66.0)
  - FBReactNativeSpec (0.66.0):
    - RCT-Folly (= 2021.06.28.00-v2)
    - RCTRequired (= 0.66.0)
    - RCTTypeSafety (= 0.66.0)
    - React-Core (= 0.66.0)
    - React-jsi (= 0.66.0)
    - ReactCommon/turbomodule/core (= 0.66.0)
  - fmt (6.2.1)
  - glog (0.3.5)
  - libwebp (1.2.1):
    - libwebp/demux (= 1.2.1)
    - libwebp/mux (= 1.2.1)
    - libwebp/webp (= 1.2.1)
  - libwebp/demux (1.2.1):
    - libwebp/webp
  - libwebp/mux (1.2.1):
    - libwebp/demux
  - libwebp/webp (1.2.1)
  - RCT-Folly (2021.06.28.00-v2):
    - boost
    - DoubleConversion
    - fmt (~> 6.2.1)
    - glog
    - RCT-Folly/Default (= 2021.06.28.00-v2)
  - RCT-Folly/Default (2021.06.28.00-v2):
    - boost
    - DoubleConversion
    - fmt (~> 6.2.1)
    - glog
  - RCTRequired (0.66.0)
  - RCTTypeSafety (0.66.0):
    - FBLazyVector (= 0.66.0)
    - RCT-Folly (= 2021.06.28.00-v2)
    - RCTRequired (= 0.66.0)
    - React-Core (= 0.66.0)
  - React (0.66.0):
    - React-Core (= 0.66.0)
    - React-Core/DevSupport (= 0.66.0)
    - React-Core/RCTWebSocket (= 0.66.0)
    - React-RCTActionSheet (= 0.66.0)
    - React-RCTAnimation (= 0.66.0)
    - React-RCTBlob (= 0.66.0)
    - React-RCTImage (= 0.66.0)
    - React-RCTLinking (= 0.66.0)
    - React-RCTNetwork (= 0.66.0)
    - React-RCTSettings (= 0.66.0)
    - React-RCTText (= 0.66.0)
    - React-RCTVibration (= 0.66.0)
  - React-callinvoker (0.66.0)
  - React-Core (0.66.0):
    - glog
    - RCT-Folly (= 2021.06.28.00-v2)
    - React-Core/Default (= 0.66.0)
    - React-cxxreact (= 0.66.0)
    - React-jsi (= 0.66.0)
    - React-jsiexecutor (= 0.66.0)
    - React-perflogger (= 0.66.0)
    - Yoga
  - React-Core/CoreModulesHeaders (0.66.0):
    - glog
    - RCT-Folly (= 2021.06.28.00-v2)
    - React-Core/Default
    - React-cxxreact (= 0.66.0)
    - React-jsi (= 0.66.0)
    - React-jsiexecutor (= 0.66.0)
    - React-perflogger (= 0.66.0)
    - Yoga
  - React-Core/Default (0.66.0):
    - glog
    - RCT-Folly (= 2021.06.28.00-v2)
    - React-cxxreact (= 0.66.0)
    - React-jsi (= 0.66.0)
    - React-jsiexecutor (= 0.66.0)
    - React-perflogger (= 0.66.0)
    - Yoga
  - React-Core/DevSupport (0.66.0):
    - glog
    - RCT-Folly (= 2021.06.28.00-v2)
    - React-Core/Default (= 0.66.0)
    - React-Core/RCTWebSocket (= 0.66.0)
    - React-cxxreact (= 0.66.0)
    - React-jsi (= 0.66.0)
    - React-jsiexecutor (= 0.66.0)
    - React-jsinspector (= 0.66.0)
    - React-perflogger (= 0.66.0)
    - Yoga
  - React-Core/RCTActionSheetHeaders (0.66.0):
    - glog
    - RCT-Folly (= 2021.06.28.00-v2)
    - React-Core/Default
    - React-cxxreact (= 0.66.0)
    - React-jsi (= 0.66.0)
    - React-jsiexecutor (= 0.66.0)
    - React-perflogger (= 0.66.0)
    - Yoga
  - React-Core/RCTAnimationHeaders (0.66.0):
    - glog
    - RCT-Folly (= 2021.06.28.00-v2)
    - React-Core/Default
    - React-cxxreact (= 0.66.0)
    - React-jsi (= 0.66.0)
    - React-jsiexecutor (= 0.66.0)
    - React-perflogger (= 0.66.0)
    - Yoga
  - React-Core/RCTBlobHeaders (0.66.0):
    - glog
    - RCT-Folly (= 2021.06.28.00-v2)
    - React-Core/Default
    - React-cxxreact (= 0.66.0)
    - React-jsi (= 0.66.0)
    - React-jsiexecutor (= 0.66.0)
    - React-perflogger (= 0.66.0)
    - Yoga
  - React-Core/RCTImageHeaders (0.66.0):
    - glog
    - RCT-Folly (= 2021.06.28.00-v2)
    - React-Core/Default
    - React-cxxreact (= 0.66.0)
    - React-jsi (= 0.66.0)
    - React-jsiexecutor (= 0.66.0)
    - React-perflogger (= 0.66.0)
    - Yoga
  - React-Core/RCTLinkingHeaders (0.66.0):
    - glog
    - RCT-Folly (= 2021.06.28.00-v2)
    - React-Core/Default
    - React-cxxreact (= 0.66.0)
    - React-jsi (= 0.66.0)
    - React-jsiexecutor (= 0.66.0)
    - React-perflogger (= 0.66.0)
    - Yoga
  - React-Core/RCTNetworkHeaders (0.66.0):
    - glog
    - RCT-Folly (= 2021.06.28.00-v2)
    - React-Core/Default
    - React-cxxreact (= 0.66.0)
    - React-jsi (= 0.66.0)
    - React-jsiexecutor (= 0.66.0)
    - React-perflogger (= 0.66.0)
    - Yoga
  - React-Core/RCTSettingsHeaders (0.66.0):
    - glog
    - RCT-Folly (= 2021.06.28.00-v2)
    - React-Core/Default
    - React-cxxreact (= 0.66.0)
    - React-jsi (= 0.66.0)
    - React-jsiexecutor (= 0.66.0)
    - React-perflogger (= 0.66.0)
    - Yoga
  - React-Core/RCTTextHeaders (0.66.0):
    - glog
    - RCT-Folly (= 2021.06.28.00-v2)
    - React-Core/Default
    - React-cxxreact (= 0.66.0)
    - React-jsi (= 0.66.0)
    - React-jsiexecutor (= 0.66.0)
    - React-perflogger (= 0.66.0)
    - Yoga
  - React-Core/RCTVibrationHeaders (0.66.0):
    - glog
    - RCT-Folly (= 2021.06.28.00-v2)
    - React-Core/Default
    - React-cxxreact (= 0.66.0)
    - React-jsi (= 0.66.0)
    - React-jsiexecutor (= 0.66.0)
    - React-perflogger (= 0.66.0)
    - Yoga
  - React-Core/RCTWebSocket (0.66.0):
    - glog
    - RCT-Folly (= 2021.06.28.00-v2)
    - React-Core/Default (= 0.66.0)
    - React-cxxreact (= 0.66.0)
    - React-jsi (= 0.66.0)
    - React-jsiexecutor (= 0.66.0)
    - React-perflogger (= 0.66.0)
    - Yoga
  - React-CoreModules (0.66.0):
    - FBReactNativeSpec (= 0.66.0)
    - RCT-Folly (= 2021.06.28.00-v2)
    - RCTTypeSafety (= 0.66.0)
    - React-Core/CoreModulesHeaders (= 0.66.0)
    - React-jsi (= 0.66.0)
    - React-RCTImage (= 0.66.0)
    - ReactCommon/turbomodule/core (= 0.66.0)
  - React-cxxreact (0.66.0):
    - boost (= 1.76.0)
    - DoubleConversion
    - glog
    - RCT-Folly (= 2021.06.28.00-v2)
    - React-callinvoker (= 0.66.0)
    - React-jsi (= 0.66.0)
    - React-jsinspector (= 0.66.0)
    - React-logger (= 0.66.0)
    - React-perflogger (= 0.66.0)
    - React-runtimeexecutor (= 0.66.0)
  - React-jsi (0.66.0):
    - boost (= 1.76.0)
    - DoubleConversion
    - glog
    - RCT-Folly (= 2021.06.28.00-v2)
    - React-jsi/Default (= 0.66.0)
  - React-jsi/Default (0.66.0):
    - boost (= 1.76.0)
    - DoubleConversion
    - glog
    - RCT-Folly (= 2021.06.28.00-v2)
  - React-jsiexecutor (0.66.0):
    - DoubleConversion
    - glog
    - RCT-Folly (= 2021.06.28.00-v2)
    - React-cxxreact (= 0.66.0)
    - React-jsi (= 0.66.0)
    - React-perflogger (= 0.66.0)
  - React-jsinspector (0.66.0)
  - React-logger (0.66.0):
    - glog
  - react-native-appearance (0.3.4):
    - React
  - react-native-cameraroll (1.8.1):
    - React
  - react-native-geolocation (2.0.2):
    - React
  - react-native-image-resizer (1.4.5):
    - React-Core
  - react-native-netinfo (6.2.1):
    - React-Core
  - react-native-safe-area-context (3.3.2):
    - React-Core
  - react-native-splash-screen (3.3.0):
    - React-Core
  - react-native-webview (10.10.2):
    - React-Core
  - React-perflogger (0.66.0)
  - React-RCTActionSheet (0.66.0):
    - React-Core/RCTActionSheetHeaders (= 0.66.0)
  - React-RCTAnimation (0.66.0):
    - FBReactNativeSpec (= 0.66.0)
    - RCT-Folly (= 2021.06.28.00-v2)
    - RCTTypeSafety (= 0.66.0)
    - React-Core/RCTAnimationHeaders (= 0.66.0)
    - React-jsi (= 0.66.0)
    - ReactCommon/turbomodule/core (= 0.66.0)
  - React-RCTBlob (0.66.0):
    - FBReactNativeSpec (= 0.66.0)
    - RCT-Folly (= 2021.06.28.00-v2)
    - React-Core/RCTBlobHeaders (= 0.66.0)
    - React-Core/RCTWebSocket (= 0.66.0)
    - React-jsi (= 0.66.0)
    - React-RCTNetwork (= 0.66.0)
    - ReactCommon/turbomodule/core (= 0.66.0)
  - React-RCTImage (0.66.0):
    - FBReactNativeSpec (= 0.66.0)
    - RCT-Folly (= 2021.06.28.00-v2)
    - RCTTypeSafety (= 0.66.0)
    - React-Core/RCTImageHeaders (= 0.66.0)
    - React-jsi (= 0.66.0)
    - React-RCTNetwork (= 0.66.0)
    - ReactCommon/turbomodule/core (= 0.66.0)
  - React-RCTLinking (0.66.0):
    - FBReactNativeSpec (= 0.66.0)
    - React-Core/RCTLinkingHeaders (= 0.66.0)
    - React-jsi (= 0.66.0)
    - ReactCommon/turbomodule/core (= 0.66.0)
  - React-RCTNetwork (0.66.0):
    - FBReactNativeSpec (= 0.66.0)
    - RCT-Folly (= 2021.06.28.00-v2)
    - RCTTypeSafety (= 0.66.0)
    - React-Core/RCTNetworkHeaders (= 0.66.0)
    - React-jsi (= 0.66.0)
    - ReactCommon/turbomodule/core (= 0.66.0)
  - React-RCTSettings (0.66.0):
    - FBReactNativeSpec (= 0.66.0)
    - RCT-Folly (= 2021.06.28.00-v2)
    - RCTTypeSafety (= 0.66.0)
    - React-Core/RCTSettingsHeaders (= 0.66.0)
    - React-jsi (= 0.66.0)
    - ReactCommon/turbomodule/core (= 0.66.0)
  - React-RCTText (0.66.0):
    - React-Core/RCTTextHeaders (= 0.66.0)
  - React-RCTVibration (0.66.0):
    - FBReactNativeSpec (= 0.66.0)
    - RCT-Folly (= 2021.06.28.00-v2)
    - React-Core/RCTVibrationHeaders (= 0.66.0)
    - React-jsi (= 0.66.0)
    - ReactCommon/turbomodule/core (= 0.66.0)
  - React-runtimeexecutor (0.66.0):
    - React-jsi (= 0.66.0)
  - ReactCommon/turbomodule/core (0.66.0):
    - DoubleConversion
    - glog
    - RCT-Folly (= 2021.06.28.00-v2)
    - React-callinvoker (= 0.66.0)
    - React-Core (= 0.66.0)
    - React-cxxreact (= 0.66.0)
    - React-jsi (= 0.66.0)
    - React-logger (= 0.66.0)
    - React-perflogger (= 0.66.0)
  - ReactNativeART (1.2.0):
    - React
  - RNAWSCognito (5.2.6):
    - React-Core
  - RNCAsyncStorage (1.12.1):
    - React-Core
  - RNCMaskedView (0.1.11):
    - React
  - RNCPicker (2.2.1):
    - React-Core
  - RNFastImage (8.5.11):
    - React-Core
    - SDWebImage (~> 5.11.1)
    - SDWebImageWebPCoder (~> 0.8.4)
  - RNGestureHandler (1.10.3):
    - React-Core
  - RNReanimated (1.13.3):
    - React-Core
  - RNScreens (3.10.2):
    - React-Core
    - React-RCTImage
  - SDWebImage (5.11.1):
    - SDWebImage/Core (= 5.11.1)
  - SDWebImage/Core (5.11.1)
  - SDWebImageWebPCoder (0.8.4):
    - libwebp (~> 1.0)
    - SDWebImage/Core (~> 5.10)
  - UMTaskManagerInterface (7.0.3):
    - ExpoModulesCore
  - Yoga (1.14.0)

DEPENDENCIES:
  - boost (from `../node_modules/react-native/third-party-podspecs/boost.podspec`)
  - Braintree (~> 4)
  - Braintree/DataCollector
  - DoubleConversion (from `../node_modules/react-native/third-party-podspecs/DoubleConversion.podspec`)
  - EXApplication (from `../node_modules/expo-application/ios`)
  - EXAV (from `../node_modules/expo-av/ios`)
  - EXBlur (from `../node_modules/expo-blur/ios`)
  - EXCamera (from `../node_modules/expo-camera/ios`)
  - EXConstants (from `../node_modules/expo-constants/ios`)
  - EXDocumentPicker (from `../node_modules/expo-document-picker/ios`)
  - EXErrorRecovery (from `../node_modules/expo-error-recovery/ios`)
  - EXFileSystem (from `../node_modules/expo-file-system/ios`)
  - EXFont (from `../node_modules/expo-font/ios`)
  - EXImagePicker (from `../node_modules/expo-image-picker/ios`)
  - EXKeepAwake (from `../node_modules/expo-keep-awake/ios`)
  - EXLocalization (from `../node_modules/expo-localization/ios`)
  - EXLocation (from `../node_modules/expo-location/ios`)
  - Expo (from `../node_modules/expo/ios`)
  - ExpoModulesCore (from `../node_modules/expo-modules-core/ios`)
  - FBLazyVector (from `../node_modules/react-native/Libraries/FBLazyVector`)
  - FBReactNativeSpec (from `../node_modules/react-native/React/FBReactNativeSpec`)
  - glog (from `../node_modules/react-native/third-party-podspecs/glog.podspec`)
  - RCT-Folly (from `../node_modules/react-native/third-party-podspecs/RCT-Folly.podspec`)
  - RCTRequired (from `../node_modules/react-native/Libraries/RCTRequired`)
  - RCTTypeSafety (from `../node_modules/react-native/Libraries/TypeSafety`)
  - React (from `../node_modules/react-native/`)
  - React-callinvoker (from `../node_modules/react-native/ReactCommon/callinvoker`)
  - React-Core (from `../node_modules/react-native/`)
  - React-Core/DevSupport (from `../node_modules/react-native/`)
  - React-Core/RCTWebSocket (from `../node_modules/react-native/`)
  - React-CoreModules (from `../node_modules/react-native/React/CoreModules`)
  - React-cxxreact (from `../node_modules/react-native/ReactCommon/cxxreact`)
  - React-jsi (from `../node_modules/react-native/ReactCommon/jsi`)
  - React-jsiexecutor (from `../node_modules/react-native/ReactCommon/jsiexecutor`)
  - React-jsinspector (from `../node_modules/react-native/ReactCommon/jsinspector`)
  - React-logger (from `../node_modules/react-native/ReactCommon/logger`)
  - react-native-appearance (from `../node_modules/react-native-appearance`)
  - "react-native-cameraroll (from `../node_modules/@react-native-community/cameraroll`)"
  - "react-native-geolocation (from `../node_modules/@react-native-community/geolocation`)"
  - react-native-image-resizer (from `../node_modules/react-native-image-resizer`)
  - "react-native-netinfo (from `../node_modules/@react-native-community/netinfo`)"
  - react-native-safe-area-context (from `../node_modules/react-native-safe-area-context`)
  - react-native-splash-screen (from `../node_modules/react-native-splash-screen`)
  - react-native-webview (from `../node_modules/react-native-webview`)
  - React-perflogger (from `../node_modules/react-native/ReactCommon/reactperflogger`)
  - React-RCTActionSheet (from `../node_modules/react-native/Libraries/ActionSheetIOS`)
  - React-RCTAnimation (from `../node_modules/react-native/Libraries/NativeAnimation`)
  - React-RCTBlob (from `../node_modules/react-native/Libraries/Blob`)
  - React-RCTImage (from `../node_modules/react-native/Libraries/Image`)
  - React-RCTLinking (from `../node_modules/react-native/Libraries/LinkingIOS`)
  - React-RCTNetwork (from `../node_modules/react-native/Libraries/Network`)
  - React-RCTSettings (from `../node_modules/react-native/Libraries/Settings`)
  - React-RCTText (from `../node_modules/react-native/Libraries/Text`)
  - React-RCTVibration (from `../node_modules/react-native/Libraries/Vibration`)
  - React-runtimeexecutor (from `../node_modules/react-native/ReactCommon/runtimeexecutor`)
  - ReactCommon/turbomodule/core (from `../node_modules/react-native/ReactCommon`)
  - "ReactNativeART (from `../node_modules/@react-native-community/art`)"
  - RNAWSCognito (from `../node_modules/amazon-cognito-identity-js`)
  - "RNCAsyncStorage (from `../node_modules/@react-native-community/async-storage`)"
  - "RNCMaskedView (from `../node_modules/@react-native-community/masked-view`)"
  - "RNCPicker (from `../node_modules/@react-native-picker/picker`)"
  - RNFastImage (from `../node_modules/react-native-fast-image`)
  - RNGestureHandler (from `../node_modules/react-native-gesture-handler`)
  - RNReanimated (from `../node_modules/react-native-reanimated`)
  - RNScreens (from `../node_modules/react-native-screens`)
  - UMTaskManagerInterface (from `../node_modules/unimodules-task-manager-interface/ios`)
  - Yoga (from `../node_modules/react-native/ReactCommon/yoga`)

SPEC REPOS:
  trunk:
    - Braintree
    - fmt
    - libwebp
    - SDWebImage
    - SDWebImageWebPCoder

EXTERNAL SOURCES:
  boost:
    :podspec: "../node_modules/react-native/third-party-podspecs/boost.podspec"
  DoubleConversion:
    :podspec: "../node_modules/react-native/third-party-podspecs/DoubleConversion.podspec"
  EXApplication:
    :path: "../node_modules/expo-application/ios"
  EXAV:
    :path: "../node_modules/expo-av/ios"
  EXBlur:
    :path: "../node_modules/expo-blur/ios"
  EXCamera:
    :path: "../node_modules/expo-camera/ios"
  EXConstants:
    :path: "../node_modules/expo-constants/ios"
  EXDocumentPicker:
    :path: "../node_modules/expo-document-picker/ios"
  EXErrorRecovery:
    :path: "../node_modules/expo-error-recovery/ios"
  EXFileSystem:
    :path: "../node_modules/expo-file-system/ios"
  EXFont:
    :path: "../node_modules/expo-font/ios"
  EXImagePicker:
    :path: "../node_modules/expo-image-picker/ios"
  EXKeepAwake:
    :path: "../node_modules/expo-keep-awake/ios"
  EXLocalization:
    :path: "../node_modules/expo-localization/ios"
  EXLocation:
    :path: "../node_modules/expo-location/ios"
  Expo:
    :path: "../node_modules/expo/ios"
  ExpoModulesCore:
    :path: "../node_modules/expo-modules-core/ios"
  FBLazyVector:
    :path: "../node_modules/react-native/Libraries/FBLazyVector"
  FBReactNativeSpec:
    :path: "../node_modules/react-native/React/FBReactNativeSpec"
  glog:
    :podspec: "../node_modules/react-native/third-party-podspecs/glog.podspec"
  RCT-Folly:
    :podspec: "../node_modules/react-native/third-party-podspecs/RCT-Folly.podspec"
  RCTRequired:
    :path: "../node_modules/react-native/Libraries/RCTRequired"
  RCTTypeSafety:
    :path: "../node_modules/react-native/Libraries/TypeSafety"
  React:
    :path: "../node_modules/react-native/"
  React-callinvoker:
    :path: "../node_modules/react-native/ReactCommon/callinvoker"
  React-Core:
    :path: "../node_modules/react-native/"
  React-CoreModules:
    :path: "../node_modules/react-native/React/CoreModules"
  React-cxxreact:
    :path: "../node_modules/react-native/ReactCommon/cxxreact"
  React-jsi:
    :path: "../node_modules/react-native/ReactCommon/jsi"
  React-jsiexecutor:
    :path: "../node_modules/react-native/ReactCommon/jsiexecutor"
  React-jsinspector:
    :path: "../node_modules/react-native/ReactCommon/jsinspector"
  React-logger:
    :path: "../node_modules/react-native/ReactCommon/logger"
  react-native-appearance:
    :path: "../node_modules/react-native-appearance"
  react-native-cameraroll:
    :path: "../node_modules/@react-native-community/cameraroll"
  react-native-geolocation:
    :path: "../node_modules/@react-native-community/geolocation"
  react-native-image-resizer:
    :path: "../node_modules/react-native-image-resizer"
  react-native-netinfo:
    :path: "../node_modules/@react-native-community/netinfo"
  react-native-safe-area-context:
    :path: "../node_modules/react-native-safe-area-context"
  react-native-splash-screen:
    :path: "../node_modules/react-native-splash-screen"
  react-native-webview:
    :path: "../node_modules/react-native-webview"
  React-perflogger:
    :path: "../node_modules/react-native/ReactCommon/reactperflogger"
  React-RCTActionSheet:
    :path: "../node_modules/react-native/Libraries/ActionSheetIOS"
  React-RCTAnimation:
    :path: "../node_modules/react-native/Libraries/NativeAnimation"
  React-RCTBlob:
    :path: "../node_modules/react-native/Libraries/Blob"
  React-RCTImage:
    :path: "../node_modules/react-native/Libraries/Image"
  React-RCTLinking:
    :path: "../node_modules/react-native/Libraries/LinkingIOS"
  React-RCTNetwork:
    :path: "../node_modules/react-native/Libraries/Network"
  React-RCTSettings:
    :path: "../node_modules/react-native/Libraries/Settings"
  React-RCTText:
    :path: "../node_modules/react-native/Libraries/Text"
  React-RCTVibration:
    :path: "../node_modules/react-native/Libraries/Vibration"
  React-runtimeexecutor:
    :path: "../node_modules/react-native/ReactCommon/runtimeexecutor"
  ReactCommon:
    :path: "../node_modules/react-native/ReactCommon"
  ReactNativeART:
    :path: "../node_modules/@react-native-community/art"
  RNAWSCognito:
    :path: "../node_modules/amazon-cognito-identity-js"
  RNCAsyncStorage:
    :path: "../node_modules/@react-native-community/async-storage"
  RNCMaskedView:
    :path: "../node_modules/@react-native-community/masked-view"
  RNCPicker:
    :path: "../node_modules/@react-native-picker/picker"
  RNFastImage:
    :path: "../node_modules/react-native-fast-image"
  RNGestureHandler:
    :path: "../node_modules/react-native-gesture-handler"
  RNReanimated:
    :path: "../node_modules/react-native-reanimated"
  RNScreens:
    :path: "../node_modules/react-native-screens"
  UMTaskManagerInterface:
    :path: "../node_modules/unimodules-task-manager-interface/ios"
  Yoga:
    :path: "../node_modules/react-native/ReactCommon/yoga"

SPEC CHECKSUMS:
  boost: a7c83b31436843459a1961bfd74b96033dc77234
  Braintree: 78a33deb6f6ec617c2c4891fbe352854358b3a8d
  DoubleConversion: 831926d9b8bf8166fd87886c4abab286c2422662
  EXApplication: 54fe5bd6268d697771645e8f1aef8b806a65247a
  EXAV: 8adf9a1c0161144d77e96149a1e5a5f9358be290
  EXBlur: 71eea96f591726398c1d41f0a8eb527b6c65660e
  EXCamera: 03d69135ceb6f5f18f37b63eddb63d7643b65c42
  EXConstants: 6d585d93723b18d7a8c283591a335609e3bc153e
  EXDocumentPicker: 9329610c4fb22531093cecb0b617222c71bda77b
  EXErrorRecovery: b0d7582714a2cc896e94a2308a356f94dbf14ef7
  EXFileSystem: 99aac7962c11c680681819dd9cbca24e20e5b1e7
  EXFont: 2597c10ac85a69d348d44d7873eccf5a7576ef5e
  EXImagePicker: bf704ef8e9171b05696a24114b44c6629565b45d
  EXKeepAwake: bf48d7f740a5cd2befed6cf9a49911d385c6c47d
  EXLocalization: bb38414618b30a177482c9a6f5594ec6eb0898c1
  EXLocation: 192eaee761c159d1479111a0ced3bab7ad8475a3
  Expo: 363a3f3c60d5a1d4f8badb29a869005487f2d9e4
  ExpoModulesCore: c9438f6add0fb7b04b7c64eb97a833d2752a7834
  FBLazyVector: 6816ca39e1cc8beffd2a96783f518296789d1c48
  FBReactNativeSpec: 3b1e86618e902743fde35b40cf9ebd100fd655b7
  fmt: ff9d55029c625d3757ed641535fd4a75fedc7ce9
  glog: 5337263514dd6f09803962437687240c5dc39aa4
  libwebp: 98a37e597e40bfdb4c911fc98f2c53d0b12d05fc
  RCT-Folly: a21c126816d8025b547704b777a2ba552f3d9fa9
  RCTRequired: e4a18a90004e0ed97bba9081099104fd0f658dc9
  RCTTypeSafety: 8a3c31d38de58e1a6a7df6e4e643644a60b00e22
  React: 2b1d0dc3c23e01b754588a74a5b265282d9eb61e
  React-callinvoker: 57c195e780695285fa56e61efdbc0ca0e9204484
  React-Core: 45e4b3c57b0b5fdbb24bc6a63a964870c0405955
  React-CoreModules: d7bb1ae3436eddd85a7eb6d5e928f8c1655d87db
  React-cxxreact: 60c850e9997b21ee302757c36a460efc944183e7
  React-jsi: 38d68cb1b53843703100830d530342b32f8e0878
  React-jsiexecutor: 6a05173dc0142abc582bd4edd2d23146b8cc218a
  React-jsinspector: be95ad424ba9f7b817aff22732eb9b1b810a000a
  React-logger: 9a9cd87d4ea681ae929b32ef580638ff1b50fb24
  react-native-appearance: 0f0e5fc2fcef70e03d48c8fe6b00b9158c2ba8aa
  react-native-cameraroll: e2917a5e62da9f10c3d525e157e25e694d2d6dfa
  react-native-geolocation: c956aeb136625c23e0dce0467664af2c437888c9
  react-native-image-resizer: d9fb629a867335bdc13230ac2a58702bb8c8828f
  react-native-netinfo: 3d3769f0d65de15c83a9bf1346f8be71de5a24bf
  react-native-safe-area-context: 584dc04881deb49474363f3be89e4ca0e854c057
  react-native-splash-screen: 4312f786b13a81b5169ef346d76d33bc0c6dc457
  react-native-webview: 0aa2cde4ee7e3e1c5fffdf64dbce9c709aa18155
  React-perflogger: 1f554c2b684e2f484f9edcdfdaeedab039fbaca8
  React-RCTActionSheet: 610d5a5d71ab4808734782c8bca6a12ec3563672
  React-RCTAnimation: ec6ed97370ace32724c253f29f0586cafcab8126
  React-RCTBlob: b3270d498ff240f49c50e1bc950b6e5fd48886ba
  React-RCTImage: 23d5e26669b31230bea3fd99eb703af699e5d61a
  React-RCTLinking: edaaee9dee82b79e90e7b903d8913fa72284fbba
  React-RCTNetwork: e8825053dd1b5c2a0e1aa3cf1127750b624f90c0
  React-RCTSettings: 40d7ae987031c5dc561d11cd3a15cc1245a11d42
  React-RCTText: 6e104479d4f0bb593b4cf90b6fc6e5390c12ccde
  React-RCTVibration: 53b92d54b923283638cb0186da7a5c2d2b70a49b
  React-runtimeexecutor: 4bb657a97aa74568d9ed634c8bd478299bb8a3a6
  ReactCommon: eb059748e842a1a86025ebbd4ac9d99e74492f88
  ReactNativeART: 78edc68dd4a1e675338cd0cd113319cf3a65f2ab
  RNAWSCognito: d2db2cc6adffe0a2452cc44d7776dadc21541c75
  RNCAsyncStorage: b03032fdbdb725bea0bd9e5ec5a7272865ae7398
  RNCMaskedView: 0e1bc4bfa8365eba5fbbb71e07fbdc0555249489
  RNCPicker: cb57c823d5ce8d2d0b5dfb45ad97b737260dc59e
  RNFastImage: 1f2cab428712a4baaf78d6169eaec7f622556dd7
  RNGestureHandler: a479ebd5ed4221a810967000735517df0d2db211
  RNReanimated: 514a11da3a2bcc6c3dfd9de32b38e2b9bf101926
  RNScreens: d6da2b9e29cf523832c2542f47bf1287318b1868
  SDWebImage: a7f831e1a65eb5e285e3fb046a23fcfbf08e696d
  SDWebImageWebPCoder: f93010f3f6c031e2f8fb3081ca4ee6966c539815
  UMTaskManagerInterface: 5654c50e68af11b19b9d05452bacf23d19b3f30f
  Yoga: c11abbf5809216c91fcd62f5571078b83d9b6720

PODFILE CHECKSUM: a86344d7830b97ba763913626b83907dc0431eb6

COCOAPODS: 1.11.2
